
Microsoft Visual Studio Solution File, Format Version 12.00
# Visual Studio 15
VisualStudioVersion = 15.0.27703.2000
MinimumVisualStudioVersion = 10.0.40219.1
Project("{8BC9CEB8-8B4A-11D0-8D11-00A0C91BC942}") = "War Union Inheritance", "War Union Inheritance\War Union Inheritance.vcxproj", "{1F4E6C4E-99C4-4E73-9546-84BC2A0CC74E}"
EndProject
Global
	GlobalSection(SolutionConfigurationPlatforms) = preSolution
		Debug|x64 = Debug|x64
		Debug|x86 = Debug|x86
		Release|x64 = Release|x64
		Release|x86 = Release|x86
	EndGlobalSection
	GlobalSection(ProjectConfigurationPlatforms) = postSolution
		{1F4E6C4E-99C4-4E73-9546-84BC2A0CC74E}.Debug|x64.ActiveCfg = Debug|x64
		{1F4E6C4E-99C4-4E73-9546-84BC2A0CC74E}.Debug|x64.Build.0 = Debug|x64
		{1F4E6C4E-99C4-4E73-9546-84BC2A0CC74E}.Debug|x86.ActiveCfg = Debug|Win32
		{1F4E6C4E-99C4-4E73-9546-84BC2A0CC74E}.Debug|x86.Build.0 = Debug|Win32
		{1F4E6C4E-99C4-4E73-9546-84BC2A0CC74E}.Release|x64.ActiveCfg = Release|x64
		{1F4E6C4E-99C4-4E73-9546-84BC2A0CC74E}.Release|x64.Build.0 = Release|x64
		{1F4E6C4E-99C4-4E73-9546-84BC2A0CC74E}.Release|x86.ActiveCfg = Release|Win32
		{1F4E6C4E-99C4-4E73-9546-84BC2A0CC74E}.Release|x86.Build.0 = Release|Win32
	EndGlobalSection
	GlobalSection(SolutionProperties) = preSolution
		HideSolutionNode = FALSE
	EndGlobalSection
	GlobalSection(ExtensibilityGlobals) = postSolution
		SolutionGuid = {209D8261-660D-4DEB-9519-D636C293FD24}
	EndGlobalSection
EndGlobal
